
Microsoft Visual Studio Solution File, Format Version 12.00
# Visual Studio Version 17
VisualStudioVersion = 17.0.31903.59
MinimumVisualStudioVersion = 10.0.40219.1
Project("{2150E333-8FDC-42A3-9474-1A3956D46DE8}") = "src", "src", "{ECBE1698-D367-445C-BEA8-1FEF734B4989}"
EndProject
Project("{FAE04EC0-301F-11D3-BF4B-00C04F79EFBC}") = "Agenda", "src\Agenda\Agenda.csproj", "{873A05A9-9BE5-49CC-8B98-8469C52ECDD8}"
EndProject
Project("{2150E333-8FDC-42A3-9474-1A3956D46DE8}") = "tests", "tests", "{22C12EC5-405D-46DE-87AD-81BE0A62471B}"
EndProject
Project("{FAE04EC0-301F-11D3-BF4B-00C04F79EFBC}") = "Agenda.Tests", "tests\Agenda.Tests\Agenda.Tests.csproj", "{F0B73C8B-6731-4F96-A5D1-6FEEFF9532C5}"
EndProject
Global
	GlobalSection(SolutionConfigurationPlatforms) = preSolution
		Debug|Any CPU = Debug|Any CPU
		Release|Any CPU = Release|Any CPU
	EndGlobalSection
	GlobalSection(SolutionProperties) = preSolution
		HideSolutionNode = FALSE
	EndGlobalSection
	GlobalSection(ProjectConfigurationPlatforms) = postSolution
		{873A05A9-9BE5-49CC-8B98-8469C52ECDD8}.Debug|Any CPU.ActiveCfg = Debug|Any CPU
		{873A05A9-9BE5-49CC-8B98-8469C52ECDD8}.Debug|Any CPU.Build.0 = Debug|Any CPU
		{873A05A9-9BE5-49CC-8B98-8469C52ECDD8}.Release|Any CPU.ActiveCfg = Release|Any CPU
		{873A05A9-9BE5-49CC-8B98-8469C52ECDD8}.Release|Any CPU.Build.0 = Release|Any CPU
		{F0B73C8B-6731-4F96-A5D1-6FEEFF9532C5}.Debug|Any CPU.ActiveCfg = Debug|Any CPU
		{F0B73C8B-6731-4F96-A5D1-6FEEFF9532C5}.Debug|Any CPU.Build.0 = Debug|Any CPU
		{F0B73C8B-6731-4F96-A5D1-6FEEFF9532C5}.Release|Any CPU.ActiveCfg = Release|Any CPU
		{F0B73C8B-6731-4F96-A5D1-6FEEFF9532C5}.Release|Any CPU.Build.0 = Release|Any CPU
	EndGlobalSection
	GlobalSection(NestedProjects) = preSolution
		{873A05A9-9BE5-49CC-8B98-8469C52ECDD8} = {ECBE1698-D367-445C-BEA8-1FEF734B4989}
		{F0B73C8B-6731-4F96-A5D1-6FEEFF9532C5} = {22C12EC5-405D-46DE-87AD-81BE0A62471B}
	EndGlobalSection
EndGlobal
